github.com/go-telegram-bot-api/telegram-bot-api v4.6.4+incompatible h1:2cauKuaELYAEARXRkq2LrJ0yDDv1rW7+wrTEdVL3uaU=
github.com/go-telegram-bot-api/telegram-bot-api v4.6.4+incompatible/go.mod h1:qf9acutJ8cwBUhm1bqgz6Bei9/C/c93FPDljKWwsOgM=
github.com/sashabaranov/go-gpt3 v0.0.0-20230128191859-3695eb3ade92 h1:bn0s4wtByB3cLYZZknK4NJG37MvojJ9o1hCzXAwpf7U=
github.com/sashabaranov/go-gpt3 v0.0.0-20230128191859-3695eb3ade92/go.mod h1:BIZdbwdzxZbCrcKGMGH6u2eyGe1xFuX9Anmh3tCP8lQ=
github.com/technoweenie/multipartstreamer v1.0.1 h1:XRztA5MXiR1TIRHxH2uNxXxaIkKQDeX7m2XsSOlQEnM=
github.com/technoweenie/multipartstreamer v1.0.1/go.mod h1:jNVxdtShOxzAsukZwTSw6MDx5eUJoiEBsSvzDU9uzog=
